
Microsoft Visual Studio Solution File, Format Version 12.00
# Visual Studio Version 17
VisualStudioVersion = 17.7.34031.279
MinimumVisualStudioVersion = 10.0.40219.1
Project("{2150E333-8FDC-42A3-9474-1A3956D46DE8}") = "01. Client", "01. Client", "{CF4D1B00-8DEC-4DA3-A561-2BC4741846A2}"
EndProject
Project("{2150E333-8FDC-42A3-9474-1A3956D46DE8}") = "02. Gateway", "02. Gateway", "{6F851636-754A-4AFB-97DE-016218BA8FBE}"
EndProject
Project("{2150E333-8FDC-42A3-9474-1A3956D46DE8}") = "03. Integration", "03. Integration", "{7446FA51-CBAE-41FC-A26D-A55C8F56FFE8}"
EndProject
Project("{2150E333-8FDC-42A3-9474-1A3956D46DE8}") = "04. Services", "04. Services", "{0982E385-05D9-49B5-9606-485B1E99C76B}"
EndProject
Global
	GlobalSection(SolutionProperties) = preSolution
		HideSolutionNode = FALSE
	EndGlobalSection
	GlobalSection(ExtensibilityGlobals) = postSolution
		SolutionGuid = {54FDBB7D-DCEE-4ACC-85C9-E018EBFDCC3A}
	EndGlobalSection
EndGlobal
